<?xml version="1.0" encoding="utf-8"?>
<Project ToolsVersion="4.0" xmlns="http://schemas.microsoft.com/developer/msbuild/2003">
  <ItemGroup>
    <Filter Include="Source Files">
      <UniqueIdentifier>{4FC737F1-C7A5-4376-A066-2A32D752A2FF}</UniqueIdentifier>
      <Extensions>cpp;c;cxx;def;odl;idl;hpj;bat;asm;asmx</Extensions>
    </Filter>
    <Filter Include="Header Files">
      <UniqueIdentifier>{93995380-89BD-4b04-88EB-625FBE52EBFB}</UniqueIdentifier>
      <Extensions>h;hpp;hxx;hm;inl;inc;xsd</Extensions>
    </Filter>
    <Filter Include="Parser">
      <UniqueIdentifier>{e898255b-ebf3-4554-9233-159c171d6c77}</UniqueIdentifier>
    </Filter>
    <Filter Include="Parser\Headers">
      <UniqueIdentifier>{926a5618-b430-41da-94bf-00c638e0b29f}</UniqueIdentifier>
    </Filter>
    <Filter Include="Parser\Sources">
      <UniqueIdentifier>{2200cc29-6417-46f6-a75c-a5e65aaa8ba7}</UniqueIdentifier>
    </Filter>
    <Filter Include="Parser\Test">
      <UniqueIdentifier>{6ee25979-0d4b-47e9-9b35-c8fc33ded1e3}</UniqueIdentifier>
    </Filter>
    <Filter Include="Export">
      <UniqueIdentifier>{88dc574e-4f4b-4b2e-b199-a11cea662d3a}</UniqueIdentifier>
    </Filter>
    <Filter Include="Third Party">
      <UniqueIdentifier>{296e04cd-23b2-403b-963a-61af6e612744}</UniqueIdentifier>
    </Filter>
    <Filter Include="Third Party\pthreads">
      <UniqueIdentifier>{6235c237-ec50-4fec-9ac7-3b5bac50ebe9}</UniqueIdentifier>
    </Filter>
  </ItemGroup>
  <ItemGroup>
    <ClCompile Include="src\ClientMessageProcessor.c">
      <Filter>Source Files</Filter>
    </ClCompile>
    <ClCompile Include="src\ConnectionContextData.c">
      <Filter>Source Files</Filter>
    </ClCompile>
    <ClCompile Include="src\DXAlgorithms.c">
      <Filter>Source Files</Filter>
    </ClCompile>
    <ClCompile Include="src\DXErrorCodes.c">
      <Filter>Source Files</Filter>
    </ClCompile>
    <ClCompile Include="src\DXErrorHandling.c">
      <Filter>Source Files</Filter>
    </ClCompile>
    <ClCompile Include="src\DXFeed.c">
      <Filter>Source Files</Filter>
    </ClCompile>
    <ClCompile Include="src\DXMemory.c">
      <Filter>Source Files</Filter>
    </ClCompile>
    <ClCompile Include="src\DXNetwork.c">
      <Filter>Source Files</Filter>
    </ClCompile>
    <ClCompile Include="src\DXPMessageData.c">
      <Filter>Source Files</Filter>
    </ClCompile>
    <ClCompile Include="src\DXSockets.c">
      <Filter>Source Files</Filter>
    </ClCompile>
    <ClCompile Include="src\DXThreads.c">
      <Filter>Source Files</Filter>
    </ClCompile>
    <ClCompile Include="src\EventData.c">
      <Filter>Source Files</Filter>
    </ClCompile>
    <ClCompile Include="src\EventSubscription.c">
      <Filter>Source Files</Filter>
    </ClCompile>
    <ClCompile Include="src\Logger.c">
      <Filter>Source Files</Filter>
    </ClCompile>
    <ClCompile Include="src\RecordTranscoder.c">
      <Filter>Source Files</Filter>
    </ClCompile>
    <ClCompile Include="src\ServerMessageProcessor.c">
      <Filter>Source Files</Filter>
    </ClCompile>
    <ClCompile Include="src\TaskQueue.c">
      <Filter>Source Files</Filter>
    </ClCompile>
    <ClCompile Include="src\Win32.c">
      <Filter>Source Files</Filter>
    </ClCompile>
    <ClCompile Include="src\BufferedInput.c">
      <Filter>Parser\Sources</Filter>
    </ClCompile>
    <ClCompile Include="src\BufferedIOCommon.c">
      <Filter>Parser\Sources</Filter>
    </ClCompile>
    <ClCompile Include="src\BufferedOutput.c">
      <Filter>Parser\Sources</Filter>
    </ClCompile>
    <ClCompile Include="src\DataStructures.c">
      <Filter>Parser\Sources</Filter>
    </ClCompile>
    <ClCompile Include="src\Decimal.c">
      <Filter>Parser\Sources</Filter>
    </ClCompile>
    <ClCompile Include="src\RecordBuffers.c">
      <Filter>Parser\Sources</Filter>
    </ClCompile>
    <ClCompile Include="src\RecordFieldSetters.c">
      <Filter>Parser\Sources</Filter>
    </ClCompile>
    <ClCompile Include="src\SymbolCodec.c">
      <Filter>Parser\Sources</Filter>
    </ClCompile>
    <ClCompile Include="src\TestParser.c">
      <Filter>Parser\Test</Filter>
    </ClCompile>
    <ClCompile Include="src\Candle.c">
      <Filter>Source Files</Filter>
    </ClCompile>
    <ClCompile Include="src\Snapshot.c">
      <Filter>Source Files</Filter>
    </ClCompile>
    <ClCompile Include="src\EventManager.c">
      <Filter>Source Files</Filter>
    </ClCompile>
    <ClCompile Include="src\ObjectArray.c">
      <Filter>Source Files</Filter>
    </ClCompile>
    <ClCompile Include="src\ConfigurationDeserializer.c">
      <Filter>Parser\Sources</Filter>
    </ClCompile>
    <ClCompile Include="src\PriceLevelBook.c">
      <Filter>Source Files</Filter>
    </ClCompile>
    <ClCompile Include="src\DXAddressParser.c">
      <Filter>Source Files</Filter>
    </ClCompile>
    <ClCompile Include="src\DXProperties.c">
      <Filter>Source Files</Filter>
    </ClCompile>
    <ClCompile Include="src\RegionalBook.c">
      <Filter>Source Files</Filter>
    </ClCompile>
    <ClCompile Include="src\Version.c">
      <Filter>Source Files</Filter>
    </ClCompile>
  </ItemGroup>
  <ItemGroup>
    <None Include="DXFeed.def">
      <Filter>Source Files</Filter>
    </None>
    <None Include="DXFeedd.def">
      <Filter>Source Files</Filter>
    </None>
    <None Include="DXFeed_64.def">
      <Filter>Source Files</Filter>
    </None>
    <None Include="DXFeedd_64.def">
      <Filter>Source Files</Filter>
    </None>
  </ItemGroup>
  <ItemGroup>
    <ClInclude Include="src\ClientMessageProcessor.h">
      <Filter>Header Files</Filter>
    </ClInclude>
    <ClInclude Include="src\ConnectionContextData.h">
      <Filter>Header Files</Filter>
    </ClInclude>
    <ClInclude Include="src\DXAlgorithms.h">
      <Filter>Header Files</Filter>
    </ClInclude>
    <ClInclude Include="src\DXErrorHandling.h">
      <Filter>Header Files</Filter>
    </ClInclude>
    <ClInclude Include="src\DXMemory.h">
      <Filter>Header Files</Filter>
    </ClInclude>
    <ClInclude Include="src\DXNetwork.h">
      <Filter>Header Files</Filter>
    </ClInclude>
    <ClInclude Include="src\DXPMessageData.h">
      <Filter>Header Files</Filter>
    </ClInclude>
    <ClInclude Include="src\DXSockets.h">
      <Filter>Header Files</Filter>
    </ClInclude>
    <ClInclude Include="src\DXThreads.h">
      <Filter>Header Files</Filter>
    </ClInclude>
    <ClInclude Include="src\EventSubscription.h">
      <Filter>Header Files</Filter>
    </ClInclude>
    <ClInclude Include="src\Logger.h">
      <Filter>Header Files</Filter>
    </ClInclude>
    <ClInclude Include="src\PrimitiveTypes.h">
      <Filter>Header Files</Filter>
    </ClInclude>
    <ClInclude Include="src\RecordTranscoder.h">
      <Filter>Header Files</Filter>
    </ClInclude>
    <ClInclude Include="src\ServerMessageProcessor.h">
      <Filter>Header Files</Filter>
    </ClInclude>
    <ClInclude Include="src\TaskQueue.h">
      <Filter>Header Files</Filter>
    </ClInclude>
    <ClInclude Include="src\BufferedInput.h">
      <Filter>Parser\Headers</Filter>
    </ClInclude>
    <ClInclude Include="src\BufferedIOCommon.h">
      <Filter>Parser\Headers</Filter>
    </ClInclude>
    <ClInclude Include="src\BufferedOutput.h">
      <Filter>Parser\Headers</Filter>
    </ClInclude>
    <ClInclude Include="src\DataStructures.h">
      <Filter>Parser\Headers</Filter>
    </ClInclude>
    <ClInclude Include="src\Decimal.h">
      <Filter>Parser\Headers</Filter>
    </ClInclude>
    <ClInclude Include="src\RecordBuffers.h">
      <Filter>Parser\Headers</Filter>
    </ClInclude>
    <ClInclude Include="src\RecordFieldSetters.h">
      <Filter>Parser\Headers</Filter>
    </ClInclude>
    <ClInclude Include="src\SymbolCodec.h">
      <Filter>Parser\Headers</Filter>
    </ClInclude>
    <ClInclude Include="include\DXErrorCodes.h">
      <Filter>Export</Filter>
    </ClInclude>
    <ClInclude Include="include\DXFeed.h">
      <Filter>Export</Filter>
    </ClInclude>
    <ClInclude Include="include\DXTypes.h">
      <Filter>Export</Filter>
    </ClInclude>
    <ClInclude Include="include\EventData.h">
      <Filter>Export</Filter>
    </ClInclude>
    <ClInclude Include="include\RecordData.h">
      <Filter>Export</Filter>
    </ClInclude>
    <ClInclude Include="include\pthreads\pthread.h">
      <Filter>Third Party\pthreads</Filter>
    </ClInclude>
    <ClInclude Include="include\pthreads\sched.h">
      <Filter>Third Party\pthreads</Filter>
    </ClInclude>
    <ClInclude Include="include\pthreads\semaphore.h">
      <Filter>Third Party\pthreads</Filter>
    </ClInclude>
    <ClInclude Include="src\Version.h">
      <Filter>Header Files</Filter>
    </ClInclude>
    <ClInclude Include="src\Candle.h">
      <Filter>Header Files</Filter>
    </ClInclude>
    <ClInclude Include="src\Snapshot.h">
      <Filter>Header Files</Filter>
    </ClInclude>
    <ClInclude Include="src\EventManager.h">
      <Filter>Header Files</Filter>
    </ClInclude>
    <ClInclude Include="src\ObjectArray.h">
      <Filter>Header Files</Filter>
    </ClInclude>
    <ClInclude Include="src\resource.h">
      <Filter>Header Files</Filter>
    </ClInclude>
    <ClInclude Include="src\ConfigurationDeserializer.h">
      <Filter>Parser\Headers</Filter>
    </ClInclude>
    <ClInclude Include="src\PriceLevelBook.h">
      <Filter>Header Files</Filter>
    </ClInclude>
    <ClInclude Include="src\DXAddressParser.h">
      <Filter>Header Files</Filter>
    </ClInclude>
    <ClInclude Include="src\DXProperties.h">
      <Filter>Header Files</Filter>
    </ClInclude>
    <ClInclude Include="src\RegionalBook.h">
      <Filter>Header Files</Filter>
    </ClInclude>
  </ItemGroup>
  <ItemGroup>
    <ResourceCompile Include="src\DXFeed.rc" />
  </ItemGroup>
</Project>