Microsoft Visual Studio Solution File, Format Version 12.00
# Visual Studio 14
VisualStudioVersion = 14.0.25420.1
MinimumVisualStudioVersion = 10.0.40219.1
Project("{8BC9CEB8-8B4A-11D0-8D11-00A0C91BC942}") = "DXFeed", "DXFeed.vcxproj", "{98DF2375-3C29-4806-A832-7C666F8BF54C}"
EndProject
Project("{8BC9CEB8-8B4A-11D0-8D11-00A0C91BC942}") = "ConnectionTest", "tests\ConnectionTest\ConnectionTest.vcxproj", "{7F344E89-5118-4D89-A5CF-A887DFCF7352}"
EndProject
Project("{8BC9CEB8-8B4A-11D0-8D11-00A0C91BC942}") = "UnitTests", "tests\UnitTests\UnitTests.vcxproj", "{2671AFA2-E2C2-4D75-ADE0-2B54D7D0DFF9}"
EndProject
Project("{8BC9CEB8-8B4A-11D0-8D11-00A0C91BC942}") = "SampleTest", "tests\SampleTest\SampleTest.vcxproj", "{440C9D2C-3B0A-460A-ADAC-54A31F5E9943}"
EndProject
Project("{8BC9CEB8-8B4A-11D0-8D11-00A0C91BC942}") = "APITest", "tests\APITest\APITest.vcxproj", "{149F0CA0-9181-4BD5-9CBC-E04D4C3072F1}"
EndProject
Project("{8BC9CEB8-8B4A-11D0-8D11-00A0C91BC942}") = "LastEventTest", "tests\LastEventTest\LastEventTest.vcxproj", "{1279AD79-7991-4916-B111-78662932C7E2}"
EndProject
Project("{8BC9CEB8-8B4A-11D0-8D11-00A0C91BC942}") = "CommandLineSample", "tests\CommandLineSample\CommandLineSample.vcxproj", "{C396319B-1914-478A-8BD2-D98C97776458}"
EndProject
Project("{8BC9CEB8-8B4A-11D0-8D11-00A0C91BC942}") = "FullTest", "tests\FullTest\FullTest.vcxproj", "{9D6628D8-BD75-472D-A295-88CF818AD254}"
EndProject
Project("{8BC9CEB8-8B4A-11D0-8D11-00A0C91BC942}") = "QuoteTableTest", "tests\QuoteTableTest\QuoteTableTest.vcxproj", "{EC676D2E-7CE6-443D-B7A2-420AB0C71548}"
EndProject
Project("{8BC9CEB8-8B4A-11D0-8D11-00A0C91BC942}") = "DXFeedCOM", "wrappers\COM\src\DXFeedCOM.vcxproj", "{1574E414-4DB2-456C-A08A-75F585A03D45}"
EndProject
Project("{8BC9CEB8-8B4A-11D0-8D11-00A0C91BC942}") = "DXFeedCOMC++Sample", "wrappers\COM\samples\C++\DXFeedCOMC++Sample.vcxproj", "{69CC7B8C-3A6C-4761-9A06-E2FB9FC9589D}"
	ProjectSection(ProjectDependencies) = postProject
		{1574E414-4DB2-456C-A08A-75F585A03D45} = {1574E414-4DB2-456C-A08A-75F585A03D45}
	EndProjectSection
EndProject
Project("{8BC9CEB8-8B4A-11D0-8D11-00A0C91BC942}") = "PerformanceTest", "tests\PerformanceTest\PerformanceTest.vcxproj", "{B78829A3-D7A6-44CC-B973-294BFF20B459}"
	ProjectSection(ProjectDependencies) = postProject
		{98DF2375-3C29-4806-A832-7C666F8BF54C} = {98DF2375-3C29-4806-A832-7C666F8BF54C}
	EndProjectSection
EndProject
Project("{8BC9CEB8-8B4A-11D0-8D11-00A0C91BC942}") = "CandleSample", "tests\CandleSample\CandleSample.vcxproj", "{E1C87477-6078-4BD2-9B2D-1E6C10F39CC3}"
EndProject
Project("{8BC9CEB8-8B4A-11D0-8D11-00A0C91BC942}") = "SnapshotConsoleSample", "tests\SnapshotConsoleSample\SnapshotConsoleSample.vcxproj", "{87B6D457-CCA6-4D37-A42C-50EB7A45D5A8}"
	ProjectSection(ProjectDependencies) = postProject
		{98DF2375-3C29-4806-A832-7C666F8BF54C} = {98DF2375-3C29-4806-A832-7C666F8BF54C}
	EndProjectSection
EndProject
Project("{8BC9CEB8-8B4A-11D0-8D11-00A0C91BC942}") = "PriceLevelBookSample", "tests\PriceLevelBookSample\PriceLevelBookSample.vcxproj", "{BF2A8A6D-418E-4CD0-B41F-77B252CB31A4}"
	ProjectSection(ProjectDependencies) = postProject
		{98DF2375-3C29-4806-A832-7C666F8BF54C} = {98DF2375-3C29-4806-A832-7C666F8BF54C}
	EndProjectSection
EndProject
Global
	GlobalSection(SolutionConfigurationPlatforms) = preSolution
		Debug|Win32 = Debug|Win32
		Debug|x64 = Debug|x64
		DebugTls|Win32 = DebugTls|Win32
		DebugTls|x64 = DebugTls|x64
		Release|Win32 = Release|Win32
		Release|x64 = Release|x64
		ReleaseTls|Win32 = ReleaseTls|Win32
		ReleaseTls|x64 = ReleaseTls|x64
	EndGlobalSection
	GlobalSection(ProjectConfigurationPlatforms) = postSolution
		{98DF2375-3C29-4806-A832-7C666F8BF54C}.Debug|Win32.ActiveCfg = Debug|Win32
		{98DF2375-3C29-4806-A832-7C666F8BF54C}.Debug|Win32.Build.0 = Debug|Win32
		{98DF2375-3C29-4806-A832-7C666F8BF54C}.Debug|x64.ActiveCfg = Debug|x64
		{98DF2375-3C29-4806-A832-7C666F8BF54C}.Debug|x64.Build.0 = Debug|x64
		{98DF2375-3C29-4806-A832-7C666F8BF54C}.DebugTls|Win32.ActiveCfg = DebugTls|Win32
		{98DF2375-3C29-4806-A832-7C666F8BF54C}.DebugTls|Win32.Build.0 = DebugTls|Win32
		{98DF2375-3C29-4806-A832-7C666F8BF54C}.DebugTls|x64.ActiveCfg = DebugTls|x64
		{98DF2375-3C29-4806-A832-7C666F8BF54C}.DebugTls|x64.Build.0 = DebugTls|x64
		{98DF2375-3C29-4806-A832-7C666F8BF54C}.Release|Win32.ActiveCfg = Release|Win32
		{98DF2375-3C29-4806-A832-7C666F8BF54C}.Release|Win32.Build.0 = Release|Win32
		{98DF2375-3C29-4806-A832-7C666F8BF54C}.Release|x64.ActiveCfg = Release|x64
		{98DF2375-3C29-4806-A832-7C666F8BF54C}.Release|x64.Build.0 = Release|x64
		{98DF2375-3C29-4806-A832-7C666F8BF54C}.ReleaseTls|Win32.ActiveCfg = ReleaseTls|Win32
		{98DF2375-3C29-4806-A832-7C666F8BF54C}.ReleaseTls|Win32.Build.0 = ReleaseTls|Win32
		{98DF2375-3C29-4806-A832-7C666F8BF54C}.ReleaseTls|x64.ActiveCfg = ReleaseTls|x64
		{98DF2375-3C29-4806-A832-7C666F8BF54C}.ReleaseTls|x64.Build.0 = ReleaseTls|x64
		{7F344E89-5118-4D89-A5CF-A887DFCF7352}.Debug|Win32.ActiveCfg = Debug|Win32
		{7F344E89-5118-4D89-A5CF-A887DFCF7352}.Debug|Win32.Build.0 = Debug|Win32
		{7F344E89-5118-4D89-A5CF-A887DFCF7352}.Debug|x64.ActiveCfg = Debug|x64
		{7F344E89-5118-4D89-A5CF-A887DFCF7352}.Debug|x64.Build.0 = Debug|x64
		{7F344E89-5118-4D89-A5CF-A887DFCF7352}.DebugTls|Win32.ActiveCfg = DebugTls|Win32
		{7F344E89-5118-4D89-A5CF-A887DFCF7352}.DebugTls|Win32.Build.0 = DebugTls|Win32
		{7F344E89-5118-4D89-A5CF-A887DFCF7352}.DebugTls|x64.ActiveCfg = DebugTls|x64
		{7F344E89-5118-4D89-A5CF-A887DFCF7352}.DebugTls|x64.Build.0 = DebugTls|x64
		{7F344E89-5118-4D89-A5CF-A887DFCF7352}.Release|Win32.ActiveCfg = Release|Win32
		{7F344E89-5118-4D89-A5CF-A887DFCF7352}.Release|Win32.Build.0 = Release|Win32
		{7F344E89-5118-4D89-A5CF-A887DFCF7352}.Release|x64.ActiveCfg = Release|x64
		{7F344E89-5118-4D89-A5CF-A887DFCF7352}.Release|x64.Build.0 = Release|x64
		{7F344E89-5118-4D89-A5CF-A887DFCF7352}.ReleaseTls|Win32.ActiveCfg = ReleaseTls|Win32
		{7F344E89-5118-4D89-A5CF-A887DFCF7352}.ReleaseTls|Win32.Build.0 = ReleaseTls|Win32
		{7F344E89-5118-4D89-A5CF-A887DFCF7352}.ReleaseTls|x64.ActiveCfg = ReleaseTls|x64
		{7F344E89-5118-4D89-A5CF-A887DFCF7352}.ReleaseTls|x64.Build.0 = ReleaseTls|x64
		{2671AFA2-E2C2-4D75-ADE0-2B54D7D0DFF9}.Debug|Win32.ActiveCfg = Debug|Win32
		{2671AFA2-E2C2-4D75-ADE0-2B54D7D0DFF9}.Debug|Win32.Build.0 = Debug|Win32
		{2671AFA2-E2C2-4D75-ADE0-2B54D7D0DFF9}.Debug|x64.ActiveCfg = Debug|x64
		{2671AFA2-E2C2-4D75-ADE0-2B54D7D0DFF9}.Debug|x64.Build.0 = Debug|x64
		{2671AFA2-E2C2-4D75-ADE0-2B54D7D0DFF9}.DebugTls|Win32.ActiveCfg = DebugTls|Win32
		{2671AFA2-E2C2-4D75-ADE0-2B54D7D0DFF9}.DebugTls|Win32.Build.0 = DebugTls|Win32
		{2671AFA2-E2C2-4D75-ADE0-2B54D7D0DFF9}.DebugTls|x64.ActiveCfg = DebugTls|x64
		{2671AFA2-E2C2-4D75-ADE0-2B54D7D0DFF9}.DebugTls|x64.Build.0 = DebugTls|x64
		{2671AFA2-E2C2-4D75-ADE0-2B54D7D0DFF9}.Release|Win32.ActiveCfg = Release|Win32
		{2671AFA2-E2C2-4D75-ADE0-2B54D7D0DFF9}.Release|Win32.Build.0 = Release|Win32
		{2671AFA2-E2C2-4D75-ADE0-2B54D7D0DFF9}.Release|x64.ActiveCfg = Release|x64
		{2671AFA2-E2C2-4D75-ADE0-2B54D7D0DFF9}.Release|x64.Build.0 = Release|x64
		{2671AFA2-E2C2-4D75-ADE0-2B54D7D0DFF9}.ReleaseTls|Win32.ActiveCfg = ReleaseTls|Win32
		{2671AFA2-E2C2-4D75-ADE0-2B54D7D0DFF9}.ReleaseTls|Win32.Build.0 = ReleaseTls|Win32
		{2671AFA2-E2C2-4D75-ADE0-2B54D7D0DFF9}.ReleaseTls|x64.ActiveCfg = ReleaseTls|x64
		{2671AFA2-E2C2-4D75-ADE0-2B54D7D0DFF9}.ReleaseTls|x64.Build.0 = ReleaseTls|x64
		{440C9D2C-3B0A-460A-ADAC-54A31F5E9943}.Debug|Win32.ActiveCfg = Debug|Win32
		{440C9D2C-3B0A-460A-ADAC-54A31F5E9943}.Debug|Win32.Build.0 = Debug|Win32
		{440C9D2C-3B0A-460A-ADAC-54A31F5E9943}.Debug|x64.ActiveCfg = Debug|x64
		{440C9D2C-3B0A-460A-ADAC-54A31F5E9943}.Debug|x64.Build.0 = Debug|x64
		{440C9D2C-3B0A-460A-ADAC-54A31F5E9943}.DebugTls|Win32.ActiveCfg = DebugTls|Win32
		{440C9D2C-3B0A-460A-ADAC-54A31F5E9943}.DebugTls|Win32.Build.0 = DebugTls|Win32
		{440C9D2C-3B0A-460A-ADAC-54A31F5E9943}.DebugTls|x64.ActiveCfg = DebugTls|x64
		{440C9D2C-3B0A-460A-ADAC-54A31F5E9943}.DebugTls|x64.Build.0 = DebugTls|x64
		{440C9D2C-3B0A-460A-ADAC-54A31F5E9943}.DebugTls|x64.Deploy.0 = DebugTls|x64
		{440C9D2C-3B0A-460A-ADAC-54A31F5E9943}.Release|Win32.ActiveCfg = Release|Win32
		{440C9D2C-3B0A-460A-ADAC-54A31F5E9943}.Release|x64.ActiveCfg = Release|x64
		{440C9D2C-3B0A-460A-ADAC-54A31F5E9943}.Release|x64.Build.0 = Release|x64
		{440C9D2C-3B0A-460A-ADAC-54A31F5E9943}.ReleaseTls|Win32.ActiveCfg = ReleaseTls|Win32
		{440C9D2C-3B0A-460A-ADAC-54A31F5E9943}.ReleaseTls|Win32.Build.0 = ReleaseTls|Win32
		{440C9D2C-3B0A-460A-ADAC-54A31F5E9943}.ReleaseTls|x64.ActiveCfg = ReleaseTls|x64
		{440C9D2C-3B0A-460A-ADAC-54A31F5E9943}.ReleaseTls|x64.Build.0 = ReleaseTls|x64
		{149F0CA0-9181-4BD5-9CBC-E04D4C3072F1}.Debug|Win32.ActiveCfg = Debug|Win32
		{149F0CA0-9181-4BD5-9CBC-E04D4C3072F1}.Debug|Win32.Build.0 = Debug|Win32
		{149F0CA0-9181-4BD5-9CBC-E04D4C3072F1}.Debug|x64.ActiveCfg = Debug|x64
		{149F0CA0-9181-4BD5-9CBC-E04D4C3072F1}.Debug|x64.Build.0 = Debug|x64
		{149F0CA0-9181-4BD5-9CBC-E04D4C3072F1}.DebugTls|Win32.ActiveCfg = DebugTls|Win32
		{149F0CA0-9181-4BD5-9CBC-E04D4C3072F1}.DebugTls|Win32.Build.0 = DebugTls|Win32
		{149F0CA0-9181-4BD5-9CBC-E04D4C3072F1}.DebugTls|x64.ActiveCfg = DebugTls|x64
		{149F0CA0-9181-4BD5-9CBC-E04D4C3072F1}.DebugTls|x64.Build.0 = DebugTls|x64
		{149F0CA0-9181-4BD5-9CBC-E04D4C3072F1}.Release|Win32.ActiveCfg = Release|Win32
		{149F0CA0-9181-4BD5-9CBC-E04D4C3072F1}.Release|x64.ActiveCfg = Release|x64
		{149F0CA0-9181-4BD5-9CBC-E04D4C3072F1}.Release|x64.Build.0 = Release|x64
		{149F0CA0-9181-4BD5-9CBC-E04D4C3072F1}.ReleaseTls|Win32.ActiveCfg = ReleaseTls|Win32
		{149F0CA0-9181-4BD5-9CBC-E04D4C3072F1}.ReleaseTls|Win32.Build.0 = ReleaseTls|Win32
		{149F0CA0-9181-4BD5-9CBC-E04D4C3072F1}.ReleaseTls|x64.ActiveCfg = ReleaseTls|x64
		{149F0CA0-9181-4BD5-9CBC-E04D4C3072F1}.ReleaseTls|x64.Build.0 = ReleaseTls|x64
		{1279AD79-7991-4916-B111-78662932C7E2}.Debug|Win32.ActiveCfg = Debug|Win32
		{1279AD79-7991-4916-B111-78662932C7E2}.Debug|Win32.Build.0 = Debug|Win32
		{1279AD79-7991-4916-B111-78662932C7E2}.Debug|x64.ActiveCfg = Debug|x64
		{1279AD79-7991-4916-B111-78662932C7E2}.Debug|x64.Build.0 = Debug|x64
		{1279AD79-7991-4916-B111-78662932C7E2}.DebugTls|Win32.ActiveCfg = DebugTls|Win32
		{1279AD79-7991-4916-B111-78662932C7E2}.DebugTls|Win32.Build.0 = DebugTls|Win32
		{1279AD79-7991-4916-B111-78662932C7E2}.DebugTls|x64.ActiveCfg = DebugTls|x64
		{1279AD79-7991-4916-B111-78662932C7E2}.DebugTls|x64.Build.0 = DebugTls|x64
		{1279AD79-7991-4916-B111-78662932C7E2}.Release|Win32.ActiveCfg = Release|Win32
		{1279AD79-7991-4916-B111-78662932C7E2}.Release|Win32.Build.0 = Release|Win32
		{1279AD79-7991-4916-B111-78662932C7E2}.Release|x64.ActiveCfg = Release|x64
		{1279AD79-7991-4916-B111-78662932C7E2}.Release|x64.Build.0 = Release|x64
		{1279AD79-7991-4916-B111-78662932C7E2}.ReleaseTls|Win32.ActiveCfg = ReleaseTls|Win32
		{1279AD79-7991-4916-B111-78662932C7E2}.ReleaseTls|Win32.Build.0 = ReleaseTls|Win32
		{1279AD79-7991-4916-B111-78662932C7E2}.ReleaseTls|x64.ActiveCfg = ReleaseTls|x64
		{1279AD79-7991-4916-B111-78662932C7E2}.ReleaseTls|x64.Build.0 = ReleaseTls|x64
		{C396319B-1914-478A-8BD2-D98C97776458}.Debug|Win32.ActiveCfg = Debug|Win32
		{C396319B-1914-478A-8BD2-D98C97776458}.Debug|Win32.Build.0 = Debug|Win32
		{C396319B-1914-478A-8BD2-D98C97776458}.Debug|x64.ActiveCfg = Debug|x64
		{C396319B-1914-478A-8BD2-D98C97776458}.Debug|x64.Build.0 = Debug|x64
		{C396319B-1914-478A-8BD2-D98C97776458}.DebugTls|Win32.ActiveCfg = DebugTls|Win32
		{C396319B-1914-478A-8BD2-D98C97776458}.DebugTls|Win32.Build.0 = DebugTls|Win32
		{C396319B-1914-478A-8BD2-D98C97776458}.DebugTls|x64.ActiveCfg = DebugTls|x64
		{C396319B-1914-478A-8BD2-D98C97776458}.DebugTls|x64.Build.0 = DebugTls|x64
		{C396319B-1914-478A-8BD2-D98C97776458}.Release|Win32.ActiveCfg = Release|Win32
		{C396319B-1914-478A-8BD2-D98C97776458}.Release|Win32.Build.0 = Release|Win32
		{C396319B-1914-478A-8BD2-D98C97776458}.Release|x64.ActiveCfg = Release|x64
		{C396319B-1914-478A-8BD2-D98C97776458}.Release|x64.Build.0 = Release|x64
		{C396319B-1914-478A-8BD2-D98C97776458}.ReleaseTls|Win32.ActiveCfg = ReleaseTls|Win32
		{C396319B-1914-478A-8BD2-D98C97776458}.ReleaseTls|Win32.Build.0 = ReleaseTls|Win32
		{C396319B-1914-478A-8BD2-D98C97776458}.ReleaseTls|x64.ActiveCfg = ReleaseTls|x64
		{C396319B-1914-478A-8BD2-D98C97776458}.ReleaseTls|x64.Build.0 = ReleaseTls|x64
		{9D6628D8-BD75-472D-A295-88CF818AD254}.Debug|Win32.ActiveCfg = Debug|Win32
		{9D6628D8-BD75-472D-A295-88CF818AD254}.Debug|Win32.Build.0 = Debug|Win32
		{9D6628D8-BD75-472D-A295-88CF818AD254}.Debug|x64.ActiveCfg = Debug|x64
		{9D6628D8-BD75-472D-A295-88CF818AD254}.Debug|x64.Build.0 = Debug|x64
		{9D6628D8-BD75-472D-A295-88CF818AD254}.DebugTls|Win32.ActiveCfg = DebugTls|Win32
		{9D6628D8-BD75-472D-A295-88CF818AD254}.DebugTls|Win32.Build.0 = DebugTls|Win32
		{9D6628D8-BD75-472D-A295-88CF818AD254}.DebugTls|x64.ActiveCfg = DebugTls|x64
		{9D6628D8-BD75-472D-A295-88CF818AD254}.DebugTls|x64.Build.0 = DebugTls|x64
		{9D6628D8-BD75-472D-A295-88CF818AD254}.Release|Win32.ActiveCfg = Release|Win32
		{9D6628D8-BD75-472D-A295-88CF818AD254}.Release|Win32.Build.0 = Release|Win32
		{9D6628D8-BD75-472D-A295-88CF818AD254}.Release|x64.ActiveCfg = Release|x64
		{9D6628D8-BD75-472D-A295-88CF818AD254}.Release|x64.Build.0 = Release|x64
		{9D6628D8-BD75-472D-A295-88CF818AD254}.ReleaseTls|Win32.ActiveCfg = ReleaseTls|Win32
		{9D6628D8-BD75-472D-A295-88CF818AD254}.ReleaseTls|Win32.Build.0 = ReleaseTls|Win32
		{9D6628D8-BD75-472D-A295-88CF818AD254}.ReleaseTls|x64.ActiveCfg = ReleaseTls|x64
		{9D6628D8-BD75-472D-A295-88CF818AD254}.ReleaseTls|x64.Build.0 = ReleaseTls|x64
		{EC676D2E-7CE6-443D-B7A2-420AB0C71548}.Debug|Win32.ActiveCfg = Debug|Win32
		{EC676D2E-7CE6-443D-B7A2-420AB0C71548}.Debug|Win32.Build.0 = Debug|Win32
		{EC676D2E-7CE6-443D-B7A2-420AB0C71548}.Debug|x64.ActiveCfg = Debug|x64
		{EC676D2E-7CE6-443D-B7A2-420AB0C71548}.Debug|x64.Build.0 = Debug|x64
		{EC676D2E-7CE6-443D-B7A2-420AB0C71548}.DebugTls|Win32.ActiveCfg = DebugTls|Win32
		{EC676D2E-7CE6-443D-B7A2-420AB0C71548}.DebugTls|Win32.Build.0 = DebugTls|Win32
		{EC676D2E-7CE6-443D-B7A2-420AB0C71548}.DebugTls|x64.ActiveCfg = DebugTls|x64
		{EC676D2E-7CE6-443D-B7A2-420AB0C71548}.DebugTls|x64.Build.0 = DebugTls|x64
		{EC676D2E-7CE6-443D-B7A2-420AB0C71548}.Release|Win32.ActiveCfg = Release|Win32
		{EC676D2E-7CE6-443D-B7A2-420AB0C71548}.Release|Win32.Build.0 = Release|Win32
		{EC676D2E-7CE6-443D-B7A2-420AB0C71548}.Release|x64.ActiveCfg = Release|x64
		{EC676D2E-7CE6-443D-B7A2-420AB0C71548}.Release|x64.Build.0 = Release|x64
		{EC676D2E-7CE6-443D-B7A2-420AB0C71548}.ReleaseTls|Win32.ActiveCfg = ReleaseTls|Win32
		{EC676D2E-7CE6-443D-B7A2-420AB0C71548}.ReleaseTls|Win32.Build.0 = ReleaseTls|Win32
		{EC676D2E-7CE6-443D-B7A2-420AB0C71548}.ReleaseTls|x64.ActiveCfg = ReleaseTls|x64
		{EC676D2E-7CE6-443D-B7A2-420AB0C71548}.ReleaseTls|x64.Build.0 = ReleaseTls|x64
		{1574E414-4DB2-456C-A08A-75F585A03D45}.Debug|Win32.ActiveCfg = Debug|Win32
		{1574E414-4DB2-456C-A08A-75F585A03D45}.Debug|Win32.Build.0 = Debug|Win32
		{1574E414-4DB2-456C-A08A-75F585A03D45}.Debug|x64.ActiveCfg = Debug|x64
		{1574E414-4DB2-456C-A08A-75F585A03D45}.Debug|x64.Build.0 = Debug|x64
		{1574E414-4DB2-456C-A08A-75F585A03D45}.DebugTls|Win32.ActiveCfg = DebugTls|Win32
		{1574E414-4DB2-456C-A08A-75F585A03D45}.DebugTls|Win32.Build.0 = DebugTls|Win32
		{1574E414-4DB2-456C-A08A-75F585A03D45}.DebugTls|x64.ActiveCfg = DebugTls|x64
		{1574E414-4DB2-456C-A08A-75F585A03D45}.DebugTls|x64.Build.0 = DebugTls|x64
		{1574E414-4DB2-456C-A08A-75F585A03D45}.Release|Win32.ActiveCfg = Release|Win32
		{1574E414-4DB2-456C-A08A-75F585A03D45}.Release|Win32.Build.0 = Release|Win32
		{1574E414-4DB2-456C-A08A-75F585A03D45}.Release|x64.ActiveCfg = Release|x64
		{1574E414-4DB2-456C-A08A-75F585A03D45}.Release|x64.Build.0 = Release|x64
		{1574E414-4DB2-456C-A08A-75F585A03D45}.ReleaseTls|Win32.ActiveCfg = ReleaseTls|Win32
		{1574E414-4DB2-456C-A08A-75F585A03D45}.ReleaseTls|Win32.Build.0 = ReleaseTls|Win32
		{1574E414-4DB2-456C-A08A-75F585A03D45}.ReleaseTls|x64.ActiveCfg = ReleaseTls|x64
		{1574E414-4DB2-456C-A08A-75F585A03D45}.ReleaseTls|x64.Build.0 = ReleaseTls|x64
		{69CC7B8C-3A6C-4761-9A06-E2FB9FC9589D}.Debug|Win32.ActiveCfg = Debug|Win32
		{69CC7B8C-3A6C-4761-9A06-E2FB9FC9589D}.Debug|Win32.Build.0 = Debug|Win32
		{69CC7B8C-3A6C-4761-9A06-E2FB9FC9589D}.Debug|x64.ActiveCfg = Debug|x64
		{69CC7B8C-3A6C-4761-9A06-E2FB9FC9589D}.Debug|x64.Build.0 = Debug|x64
		{69CC7B8C-3A6C-4761-9A06-E2FB9FC9589D}.DebugTls|Win32.ActiveCfg = DebugTls|Win32
		{69CC7B8C-3A6C-4761-9A06-E2FB9FC9589D}.DebugTls|Win32.Build.0 = DebugTls|Win32
		{69CC7B8C-3A6C-4761-9A06-E2FB9FC9589D}.DebugTls|x64.ActiveCfg = DebugTls|x64
		{69CC7B8C-3A6C-4761-9A06-E2FB9FC9589D}.DebugTls|x64.Build.0 = DebugTls|x64
		{69CC7B8C-3A6C-4761-9A06-E2FB9FC9589D}.Release|Win32.ActiveCfg = Release|Win32
		{69CC7B8C-3A6C-4761-9A06-E2FB9FC9589D}.Release|Win32.Build.0 = Release|Win32
		{69CC7B8C-3A6C-4761-9A06-E2FB9FC9589D}.Release|x64.ActiveCfg = Release|x64
		{69CC7B8C-3A6C-4761-9A06-E2FB9FC9589D}.Release|x64.Build.0 = Release|x64
		{69CC7B8C-3A6C-4761-9A06-E2FB9FC9589D}.ReleaseTls|Win32.ActiveCfg = ReleaseTls|Win32
		{69CC7B8C-3A6C-4761-9A06-E2FB9FC9589D}.ReleaseTls|Win32.Build.0 = ReleaseTls|Win32
		{69CC7B8C-3A6C-4761-9A06-E2FB9FC9589D}.ReleaseTls|x64.ActiveCfg = ReleaseTls|x64
		{69CC7B8C-3A6C-4761-9A06-E2FB9FC9589D}.ReleaseTls|x64.Build.0 = ReleaseTls|x64
		{B78829A3-D7A6-44CC-B973-294BFF20B459}.Debug|Win32.ActiveCfg = Debug|Win32
		{B78829A3-D7A6-44CC-B973-294BFF20B459}.Debug|Win32.Build.0 = Debug|Win32
		{B78829A3-D7A6-44CC-B973-294BFF20B459}.Debug|x64.ActiveCfg = Debug|x64
		{B78829A3-D7A6-44CC-B973-294BFF20B459}.Debug|x64.Build.0 = Debug|x64
		{B78829A3-D7A6-44CC-B973-294BFF20B459}.DebugTls|Win32.ActiveCfg = DebugTls|Win32
		{B78829A3-D7A6-44CC-B973-294BFF20B459}.DebugTls|Win32.Build.0 = DebugTls|Win32
		{B78829A3-D7A6-44CC-B973-294BFF20B459}.DebugTls|x64.ActiveCfg = DebugTls|x64
		{B78829A3-D7A6-44CC-B973-294BFF20B459}.DebugTls|x64.Build.0 = DebugTls|x64
		{B78829A3-D7A6-44CC-B973-294BFF20B459}.Release|Win32.ActiveCfg = Release|Win32
		{B78829A3-D7A6-44CC-B973-294BFF20B459}.Release|x64.ActiveCfg = Release|x64
		{B78829A3-D7A6-44CC-B973-294BFF20B459}.Release|x64.Build.0 = Release|x64
		{B78829A3-D7A6-44CC-B973-294BFF20B459}.ReleaseTls|Win32.ActiveCfg = ReleaseTls|Win32
		{B78829A3-D7A6-44CC-B973-294BFF20B459}.ReleaseTls|Win32.Build.0 = ReleaseTls|Win32
		{B78829A3-D7A6-44CC-B973-294BFF20B459}.ReleaseTls|x64.ActiveCfg = ReleaseTls|x64
		{B78829A3-D7A6-44CC-B973-294BFF20B459}.ReleaseTls|x64.Build.0 = ReleaseTls|x64
		{E1C87477-6078-4BD2-9B2D-1E6C10F39CC3}.Debug|Win32.ActiveCfg = Debug|Win32
		{E1C87477-6078-4BD2-9B2D-1E6C10F39CC3}.Debug|Win32.Build.0 = Debug|Win32
		{E1C87477-6078-4BD2-9B2D-1E6C10F39CC3}.Debug|x64.ActiveCfg = Debug|x64
		{E1C87477-6078-4BD2-9B2D-1E6C10F39CC3}.Debug|x64.Build.0 = Debug|x64
		{E1C87477-6078-4BD2-9B2D-1E6C10F39CC3}.DebugTls|Win32.ActiveCfg = DebugTls|Win32
		{E1C87477-6078-4BD2-9B2D-1E6C10F39CC3}.DebugTls|Win32.Build.0 = DebugTls|Win32
		{E1C87477-6078-4BD2-9B2D-1E6C10F39CC3}.DebugTls|x64.ActiveCfg = DebugTls|x64
		{E1C87477-6078-4BD2-9B2D-1E6C10F39CC3}.DebugTls|x64.Build.0 = DebugTls|x64
		{E1C87477-6078-4BD2-9B2D-1E6C10F39CC3}.Release|Win32.ActiveCfg = Release|Win32
		{E1C87477-6078-4BD2-9B2D-1E6C10F39CC3}.Release|Win32.Build.0 = Release|Win32
		{E1C87477-6078-4BD2-9B2D-1E6C10F39CC3}.Release|x64.ActiveCfg = Release|x64
		{E1C87477-6078-4BD2-9B2D-1E6C10F39CC3}.Release|x64.Build.0 = Release|x64
		{E1C87477-6078-4BD2-9B2D-1E6C10F39CC3}.ReleaseTls|Win32.ActiveCfg = ReleaseTls|Win32
		{E1C87477-6078-4BD2-9B2D-1E6C10F39CC3}.ReleaseTls|Win32.Build.0 = ReleaseTls|Win32
		{E1C87477-6078-4BD2-9B2D-1E6C10F39CC3}.ReleaseTls|x64.ActiveCfg = ReleaseTls|x64
		{E1C87477-6078-4BD2-9B2D-1E6C10F39CC3}.ReleaseTls|x64.Build.0 = ReleaseTls|x64
		{87B6D457-CCA6-4D37-A42C-50EB7A45D5A8}.Debug|Win32.ActiveCfg = Debug|Win32
		{87B6D457-CCA6-4D37-A42C-50EB7A45D5A8}.Debug|Win32.Build.0 = Debug|Win32
		{87B6D457-CCA6-4D37-A42C-50EB7A45D5A8}.Debug|x64.ActiveCfg = Debug|x64
		{87B6D457-CCA6-4D37-A42C-50EB7A45D5A8}.Debug|x64.Build.0 = Debug|x64
		{87B6D457-CCA6-4D37-A42C-50EB7A45D5A8}.DebugTls|Win32.ActiveCfg = DebugTls|Win32
		{87B6D457-CCA6-4D37-A42C-50EB7A45D5A8}.DebugTls|Win32.Build.0 = DebugTls|Win32
		{87B6D457-CCA6-4D37-A42C-50EB7A45D5A8}.DebugTls|x64.ActiveCfg = DebugTls|x64
		{87B6D457-CCA6-4D37-A42C-50EB7A45D5A8}.DebugTls|x64.Build.0 = DebugTls|x64
		{87B6D457-CCA6-4D37-A42C-50EB7A45D5A8}.Release|Win32.ActiveCfg = Release|Win32
		{87B6D457-CCA6-4D37-A42C-50EB7A45D5A8}.Release|Win32.Build.0 = Release|Win32
		{87B6D457-CCA6-4D37-A42C-50EB7A45D5A8}.Release|x64.ActiveCfg = Release|x64
		{87B6D457-CCA6-4D37-A42C-50EB7A45D5A8}.Release|x64.Build.0 = Release|x64
		{87B6D457-CCA6-4D37-A42C-50EB7A45D5A8}.ReleaseTls|Win32.ActiveCfg = ReleaseTls|Win32
		{87B6D457-CCA6-4D37-A42C-50EB7A45D5A8}.ReleaseTls|Win32.Build.0 = ReleaseTls|Win32
		{87B6D457-CCA6-4D37-A42C-50EB7A45D5A8}.ReleaseTls|x64.ActiveCfg = ReleaseTls|x64
		{87B6D457-CCA6-4D37-A42C-50EB7A45D5A8}.ReleaseTls|x64.Build.0 = ReleaseTls|x64
		{BF2A8A6D-418E-4CD0-B41F-77B252CB31A4}.Debug|Win32.ActiveCfg = Debug|Win32
		{BF2A8A6D-418E-4CD0-B41F-77B252CB31A4}.Debug|Win32.Build.0 = Debug|Win32
		{BF2A8A6D-418E-4CD0-B41F-77B252CB31A4}.Debug|x64.ActiveCfg = Debug|x64
		{BF2A8A6D-418E-4CD0-B41F-77B252CB31A4}.Debug|x64.Build.0 = Debug|x64
		{BF2A8A6D-418E-4CD0-B41F-77B252CB31A4}.DebugTls|Win32.ActiveCfg = DebugTls|Win32
		{BF2A8A6D-418E-4CD0-B41F-77B252CB31A4}.DebugTls|Win32.Build.0 = DebugTls|Win32
		{BF2A8A6D-418E-4CD0-B41F-77B252CB31A4}.DebugTls|x64.ActiveCfg = DebugTls|x64
		{BF2A8A6D-418E-4CD0-B41F-77B252CB31A4}.DebugTls|x64.Build.0 = DebugTls|x64
		{BF2A8A6D-418E-4CD0-B41F-77B252CB31A4}.Release|Win32.ActiveCfg = Release|Win32
		{BF2A8A6D-418E-4CD0-B41F-77B252CB31A4}.Release|Win32.Build.0 = Release|Win32
		{BF2A8A6D-418E-4CD0-B41F-77B252CB31A4}.Release|x64.ActiveCfg = Release|x64
		{BF2A8A6D-418E-4CD0-B41F-77B252CB31A4}.Release|x64.Build.0 = Release|x64
		{BF2A8A6D-418E-4CD0-B41F-77B252CB31A4}.ReleaseTls|Win32.ActiveCfg = ReleaseTls|Win32
		{BF2A8A6D-418E-4CD0-B41F-77B252CB31A4}.ReleaseTls|Win32.Build.0 = ReleaseTls|Win32
		{BF2A8A6D-418E-4CD0-B41F-77B252CB31A4}.ReleaseTls|x64.ActiveCfg = ReleaseTls|x64
		{BF2A8A6D-418E-4CD0-B41F-77B252CB31A4}.ReleaseTls|x64.Build.0 = ReleaseTls|x64
	EndGlobalSection
	GlobalSection(SolutionProperties) = preSolution
		HideSolutionNode = FALSE
	EndGlobalSection
EndGlobal
