Microsoft Visual Studio Solution File, Format Version 12.00
# Visual Studio 14
VisualStudioVersion = 14.0.25420.1
MinimumVisualStudioVersion = 10.0.40219.1
Project("{8BC9CEB8-8B4A-11D0-8D11-00A0C91BC942}") = "DXFeed", "DXFeed.vcxproj", "{98DF2375-3C29-4806-A832-7C666F8BF54C}"
EndProject
Project("{8BC9CEB8-8B4A-11D0-8D11-00A0C91BC942}") = "CandleSample", "samples\CandleSample\CandleSample.vcxproj", "{E1C87477-6078-4BD2-9B2D-1E6C10F39CC3}"
EndProject
Project("{8BC9CEB8-8B4A-11D0-8D11-00A0C91BC942}") = "CommandLineSample", "samples\CommandLineSample\CommandLineSample.vcxproj", "{C396319B-1914-478A-8BD2-D98C97776458}"
EndProject
Project("{8BC9CEB8-8B4A-11D0-8D11-00A0C91BC942}") = "FullOrderBookSample", "samples\FullOrderBookSample\FullOrderBookSample.vcxproj", "{B4F200FB-4F73-4FAE-91CC-52D72DCB8B81}"
	ProjectSection(ProjectDependencies) = postProject
		{98DF2375-3C29-4806-A832-7C666F8BF54C} = {98DF2375-3C29-4806-A832-7C666F8BF54C}
	EndProjectSection
EndProject
Project("{8BC9CEB8-8B4A-11D0-8D11-00A0C91BC942}") = "IncSnapshotConsoleSample", "samples\IncSnapshotConsoleSample\IncSnapshotConsoleSample.vcxproj", "{70E09AD5-89E5-47E2-953B-860A53F1C1DC}"
	ProjectSection(ProjectDependencies) = postProject
		{98DF2375-3C29-4806-A832-7C666F8BF54C} = {98DF2375-3C29-4806-A832-7C666F8BF54C}
	EndProjectSection
EndProject
Project("{8BC9CEB8-8B4A-11D0-8D11-00A0C91BC942}") = "PriceLevelBookSample", "samples\PriceLevelBookSample\PriceLevelBookSample.vcxproj", "{BF2A8A6D-418E-4CD0-B41F-77B252CB31A4}"
	ProjectSection(ProjectDependencies) = postProject
		{98DF2375-3C29-4806-A832-7C666F8BF54C} = {98DF2375-3C29-4806-A832-7C666F8BF54C}
	EndProjectSection
EndProject
Project("{8BC9CEB8-8B4A-11D0-8D11-00A0C91BC942}") = "PriceLevelBookSample2", "samples\PriceLevelBookSample2\PriceLevelBookSample2.vcxproj", "{042729D4-87E5-459C-9881-4464F5C625EE}"
	ProjectSection(ProjectDependencies) = postProject
		{98DF2375-3C29-4806-A832-7C666F8BF54C} = {98DF2375-3C29-4806-A832-7C666F8BF54C}
	EndProjectSection
EndProject
Project("{8BC9CEB8-8B4A-11D0-8D11-00A0C91BC942}") = "RegionalBookSample", "samples\RegionalBookSample\RegionalBookSample.vcxproj", "{8A14A0E2-B0BB-4300-B1C1-3D52327A42AF}"
	ProjectSection(ProjectDependencies) = postProject
		{98DF2375-3C29-4806-A832-7C666F8BF54C} = {98DF2375-3C29-4806-A832-7C666F8BF54C}
	EndProjectSection
EndProject
Project("{8BC9CEB8-8B4A-11D0-8D11-00A0C91BC942}") = "SnapshotConsoleSample", "samples\SnapshotConsoleSample\SnapshotConsoleSample.vcxproj", "{87B6D457-CCA6-4D37-A42C-50EB7A45D5A8}"
	ProjectSection(ProjectDependencies) = postProject
		{98DF2375-3C29-4806-A832-7C666F8BF54C} = {98DF2375-3C29-4806-A832-7C666F8BF54C}
	EndProjectSection
EndProject
Project("{8BC9CEB8-8B4A-11D0-8D11-00A0C91BC942}") = "DXFeedCppWrapperConnectionSample", "wrappers\cpp\samples\ConnectionSample\DXFeedCppWrapperConnectionSample.vcxproj", "{304F24BB-9348-4B1D-AA96-580BB6DE5578}"
	ProjectSection(ProjectDependencies) = postProject
		{98DF2375-3C29-4806-A832-7C666F8BF54C} = {98DF2375-3C29-4806-A832-7C666F8BF54C}
	EndProjectSection
EndProject
Project("{8BC9CEB8-8B4A-11D0-8D11-00A0C91BC942}") = "ConnectionTest", "tests\ConnectionTest\ConnectionTest.vcxproj", "{7F344E89-5118-4D89-A5CF-A887DFCF7352}"
EndProject
Project("{8BC9CEB8-8B4A-11D0-8D11-00A0C91BC942}") = "UnitTests", "tests\UnitTests\UnitTests.vcxproj", "{2671AFA2-E2C2-4D75-ADE0-2B54D7D0DFF9}"
EndProject
Project("{8BC9CEB8-8B4A-11D0-8D11-00A0C91BC942}") = "SampleTest", "tests\SampleTest\SampleTest.vcxproj", "{440C9D2C-3B0A-460A-ADAC-54A31F5E9943}"
EndProject
Project("{8BC9CEB8-8B4A-11D0-8D11-00A0C91BC942}") = "APITest", "tests\APITest\APITest.vcxproj", "{149F0CA0-9181-4BD5-9CBC-E04D4C3072F1}"
EndProject
Project("{8BC9CEB8-8B4A-11D0-8D11-00A0C91BC942}") = "LastEventTest", "tests\LastEventTest\LastEventTest.vcxproj", "{1279AD79-7991-4916-B111-78662932C7E2}"
EndProject
Project("{8BC9CEB8-8B4A-11D0-8D11-00A0C91BC942}") = "FullTest", "tests\FullTest\FullTest.vcxproj", "{9D6628D8-BD75-472D-A295-88CF818AD254}"
EndProject
Project("{8BC9CEB8-8B4A-11D0-8D11-00A0C91BC942}") = "QuoteTableTest", "tests\QuoteTableTest\QuoteTableTest.vcxproj", "{EC676D2E-7CE6-443D-B7A2-420AB0C71548}"
EndProject
Project("{8BC9CEB8-8B4A-11D0-8D11-00A0C91BC942}") = "PerformanceTest", "tests\PerformanceTest\PerformanceTest.vcxproj", "{B78829A3-D7A6-44CC-B973-294BFF20B459}"
	ProjectSection(ProjectDependencies) = postProject
		{98DF2375-3C29-4806-A832-7C666F8BF54C} = {98DF2375-3C29-4806-A832-7C666F8BF54C}
	EndProjectSection
EndProject
Global
	GlobalSection(SolutionConfigurationPlatforms) = preSolution
		Debug|Win32 = Debug|Win32
		Debug|x64 = Debug|x64
		DebugNoTLS|Win32 = DebugNoTLS|Win32
		DebugNoTLS|x64 = DebugNoTLS|x64
		Release|Win32 = Release|Win32
		Release|x64 = Release|x64
		ReleaseNoTLS|Win32 = ReleaseNoTLS|Win32
		ReleaseNoTLS|x64 = ReleaseNoTLS|x64
	EndGlobalSection
	GlobalSection(ProjectConfigurationPlatforms) = postSolution
		{98DF2375-3C29-4806-A832-7C666F8BF54C}.Debug|Win32.ActiveCfg = Debug|Win32
		{98DF2375-3C29-4806-A832-7C666F8BF54C}.Debug|Win32.Build.0 = Debug|Win32
		{98DF2375-3C29-4806-A832-7C666F8BF54C}.Debug|x64.ActiveCfg = Debug|x64
		{98DF2375-3C29-4806-A832-7C666F8BF54C}.Debug|x64.Build.0 = Debug|x64
		{98DF2375-3C29-4806-A832-7C666F8BF54C}.DebugNoTLS|Win32.ActiveCfg = DebugNoTLS|Win32
		{98DF2375-3C29-4806-A832-7C666F8BF54C}.DebugNoTLS|Win32.Build.0 = DebugNoTLS|Win32
		{98DF2375-3C29-4806-A832-7C666F8BF54C}.DebugNoTLS|x64.ActiveCfg = DebugNoTLS|x64
		{98DF2375-3C29-4806-A832-7C666F8BF54C}.DebugNoTLS|x64.Build.0 = DebugNoTLS|x64
		{98DF2375-3C29-4806-A832-7C666F8BF54C}.Release|Win32.ActiveCfg = Release|Win32
		{98DF2375-3C29-4806-A832-7C666F8BF54C}.Release|Win32.Build.0 = Release|Win32
		{98DF2375-3C29-4806-A832-7C666F8BF54C}.Release|x64.ActiveCfg = Release|x64
		{98DF2375-3C29-4806-A832-7C666F8BF54C}.Release|x64.Build.0 = Release|x64
		{98DF2375-3C29-4806-A832-7C666F8BF54C}.ReleaseNoTLS|Win32.ActiveCfg = ReleaseNoTLS|Win32
		{98DF2375-3C29-4806-A832-7C666F8BF54C}.ReleaseNoTLS|Win32.Build.0 = ReleaseNoTLS|Win32
		{98DF2375-3C29-4806-A832-7C666F8BF54C}.ReleaseNoTLS|x64.ActiveCfg = ReleaseNoTLS|x64
		{98DF2375-3C29-4806-A832-7C666F8BF54C}.ReleaseNoTLS|x64.Build.0 = ReleaseNoTLS|x64
		{E1C87477-6078-4BD2-9B2D-1E6C10F39CC3}.Debug|Win32.ActiveCfg = Debug|Win32
		{E1C87477-6078-4BD2-9B2D-1E6C10F39CC3}.Debug|Win32.Build.0 = Debug|Win32
		{E1C87477-6078-4BD2-9B2D-1E6C10F39CC3}.Debug|x64.ActiveCfg = Debug|x64
		{E1C87477-6078-4BD2-9B2D-1E6C10F39CC3}.Debug|x64.Build.0 = Debug|x64
		{E1C87477-6078-4BD2-9B2D-1E6C10F39CC3}.DebugNoTLS|Win32.ActiveCfg = DebugNoTLS|Win32
		{E1C87477-6078-4BD2-9B2D-1E6C10F39CC3}.DebugNoTLS|Win32.Build.0 = DebugNoTLS|Win32
		{E1C87477-6078-4BD2-9B2D-1E6C10F39CC3}.DebugNoTLS|x64.ActiveCfg = DebugNoTLS|x64
		{E1C87477-6078-4BD2-9B2D-1E6C10F39CC3}.DebugNoTLS|x64.Build.0 = DebugNoTLS|x64
		{E1C87477-6078-4BD2-9B2D-1E6C10F39CC3}.Release|Win32.ActiveCfg = Release|Win32
		{E1C87477-6078-4BD2-9B2D-1E6C10F39CC3}.Release|Win32.Build.0 = Release|Win32
		{E1C87477-6078-4BD2-9B2D-1E6C10F39CC3}.Release|x64.ActiveCfg = Release|x64
		{E1C87477-6078-4BD2-9B2D-1E6C10F39CC3}.Release|x64.Build.0 = Release|x64
		{E1C87477-6078-4BD2-9B2D-1E6C10F39CC3}.ReleaseNoTLS|Win32.ActiveCfg = ReleaseNoTLS|Win32
		{E1C87477-6078-4BD2-9B2D-1E6C10F39CC3}.ReleaseNoTLS|Win32.Build.0 = ReleaseNoTLS|Win32
		{E1C87477-6078-4BD2-9B2D-1E6C10F39CC3}.ReleaseNoTLS|x64.ActiveCfg = ReleaseNoTLS|x64
		{E1C87477-6078-4BD2-9B2D-1E6C10F39CC3}.ReleaseNoTLS|x64.Build.0 = ReleaseNoTLS|x64
		{C396319B-1914-478A-8BD2-D98C97776458}.Debug|Win32.ActiveCfg = Debug|Win32
		{C396319B-1914-478A-8BD2-D98C97776458}.Debug|Win32.Build.0 = Debug|Win32
		{C396319B-1914-478A-8BD2-D98C97776458}.Debug|x64.ActiveCfg = Debug|x64
		{C396319B-1914-478A-8BD2-D98C97776458}.Debug|x64.Build.0 = Debug|x64
		{C396319B-1914-478A-8BD2-D98C97776458}.DebugNoTLS|Win32.ActiveCfg = DebugNoTLS|Win32
		{C396319B-1914-478A-8BD2-D98C97776458}.DebugNoTLS|Win32.Build.0 = DebugNoTLS|Win32
		{C396319B-1914-478A-8BD2-D98C97776458}.DebugNoTLS|x64.ActiveCfg = DebugNoTLS|x64
		{C396319B-1914-478A-8BD2-D98C97776458}.DebugNoTLS|x64.Build.0 = DebugNoTLS|x64
		{C396319B-1914-478A-8BD2-D98C97776458}.Release|Win32.ActiveCfg = Release|Win32
		{C396319B-1914-478A-8BD2-D98C97776458}.Release|Win32.Build.0 = Release|Win32
		{C396319B-1914-478A-8BD2-D98C97776458}.Release|x64.ActiveCfg = Release|x64
		{C396319B-1914-478A-8BD2-D98C97776458}.Release|x64.Build.0 = Release|x64
		{C396319B-1914-478A-8BD2-D98C97776458}.ReleaseNoTLS|Win32.ActiveCfg = ReleaseNoTLS|Win32
		{C396319B-1914-478A-8BD2-D98C97776458}.ReleaseNoTLS|Win32.Build.0 = ReleaseNoTLS|Win32
		{C396319B-1914-478A-8BD2-D98C97776458}.ReleaseNoTLS|x64.ActiveCfg = ReleaseNoTLS|x64
		{C396319B-1914-478A-8BD2-D98C97776458}.ReleaseNoTLS|x64.Build.0 = ReleaseNoTLS|x64
		{B4F200FB-4F73-4FAE-91CC-52D72DCB8B81}.Debug|Win32.ActiveCfg = Debug|Win32
		{B4F200FB-4F73-4FAE-91CC-52D72DCB8B81}.Debug|Win32.Build.0 = Debug|Win32
		{B4F200FB-4F73-4FAE-91CC-52D72DCB8B81}.Debug|x64.ActiveCfg = Debug|x64
		{B4F200FB-4F73-4FAE-91CC-52D72DCB8B81}.Debug|x64.Build.0 = Debug|x64
		{B4F200FB-4F73-4FAE-91CC-52D72DCB8B81}.DebugNoTLS|Win32.ActiveCfg = DebugNoTLS|Win32
		{B4F200FB-4F73-4FAE-91CC-52D72DCB8B81}.DebugNoTLS|Win32.Build.0 = DebugNoTLS|Win32
		{B4F200FB-4F73-4FAE-91CC-52D72DCB8B81}.DebugNoTLS|x64.ActiveCfg = DebugNoTLS|x64
		{B4F200FB-4F73-4FAE-91CC-52D72DCB8B81}.DebugNoTLS|x64.Build.0 = DebugNoTLS|x64
		{B4F200FB-4F73-4FAE-91CC-52D72DCB8B81}.Release|Win32.ActiveCfg = Release|Win32
		{B4F200FB-4F73-4FAE-91CC-52D72DCB8B81}.Release|Win32.Build.0 = Release|Win32
		{B4F200FB-4F73-4FAE-91CC-52D72DCB8B81}.Release|x64.ActiveCfg = Release|x64
		{B4F200FB-4F73-4FAE-91CC-52D72DCB8B81}.Release|x64.Build.0 = Release|x64
		{B4F200FB-4F73-4FAE-91CC-52D72DCB8B81}.ReleaseNoTLS|Win32.ActiveCfg = ReleaseNoTLS|Win32
		{B4F200FB-4F73-4FAE-91CC-52D72DCB8B81}.ReleaseNoTLS|Win32.Build.0 = ReleaseNoTLS|Win32
		{B4F200FB-4F73-4FAE-91CC-52D72DCB8B81}.ReleaseNoTLS|x64.ActiveCfg = ReleaseNoTLS|x64
		{B4F200FB-4F73-4FAE-91CC-52D72DCB8B81}.ReleaseNoTLS|x64.Build.0 = ReleaseNoTLS|x64
		{70E09AD5-89E5-47E2-953B-860A53F1C1DC}.Debug|Win32.ActiveCfg = Debug|Win32
		{70E09AD5-89E5-47E2-953B-860A53F1C1DC}.Debug|Win32.Build.0 = Debug|Win32
		{70E09AD5-89E5-47E2-953B-860A53F1C1DC}.Debug|x64.ActiveCfg = Debug|x64
		{70E09AD5-89E5-47E2-953B-860A53F1C1DC}.Debug|x64.Build.0 = Debug|x64
		{70E09AD5-89E5-47E2-953B-860A53F1C1DC}.DebugNoTLS|Win32.ActiveCfg = DebugNoTLS|Win32
		{70E09AD5-89E5-47E2-953B-860A53F1C1DC}.DebugNoTLS|Win32.Build.0 = DebugNoTLS|Win32
		{70E09AD5-89E5-47E2-953B-860A53F1C1DC}.DebugNoTLS|x64.ActiveCfg = DebugNoTLS|x64
		{70E09AD5-89E5-47E2-953B-860A53F1C1DC}.DebugNoTLS|x64.Build.0 = DebugNoTLS|x64
		{70E09AD5-89E5-47E2-953B-860A53F1C1DC}.Release|Win32.ActiveCfg = Release|Win32
		{70E09AD5-89E5-47E2-953B-860A53F1C1DC}.Release|Win32.Build.0 = Release|Win32
		{70E09AD5-89E5-47E2-953B-860A53F1C1DC}.Release|x64.ActiveCfg = Release|x64
		{70E09AD5-89E5-47E2-953B-860A53F1C1DC}.Release|x64.Build.0 = Release|x64
		{70E09AD5-89E5-47E2-953B-860A53F1C1DC}.ReleaseNoTLS|Win32.ActiveCfg = ReleaseNoTLS|Win32
		{70E09AD5-89E5-47E2-953B-860A53F1C1DC}.ReleaseNoTLS|Win32.Build.0 = ReleaseNoTLS|Win32
		{70E09AD5-89E5-47E2-953B-860A53F1C1DC}.ReleaseNoTLS|x64.ActiveCfg = ReleaseNoTLS|x64
		{70E09AD5-89E5-47E2-953B-860A53F1C1DC}.ReleaseNoTLS|x64.Build.0 = ReleaseNoTLS|x64
		{BF2A8A6D-418E-4CD0-B41F-77B252CB31A4}.Debug|Win32.ActiveCfg = Debug|Win32
		{BF2A8A6D-418E-4CD0-B41F-77B252CB31A4}.Debug|Win32.Build.0 = Debug|Win32
		{BF2A8A6D-418E-4CD0-B41F-77B252CB31A4}.Debug|x64.ActiveCfg = Debug|x64
		{BF2A8A6D-418E-4CD0-B41F-77B252CB31A4}.Debug|x64.Build.0 = Debug|x64
		{BF2A8A6D-418E-4CD0-B41F-77B252CB31A4}.DebugNoTLS|Win32.ActiveCfg = DebugNoTLS|Win32
		{BF2A8A6D-418E-4CD0-B41F-77B252CB31A4}.DebugNoTLS|Win32.Build.0 = DebugNoTLS|Win32
		{BF2A8A6D-418E-4CD0-B41F-77B252CB31A4}.DebugNoTLS|x64.ActiveCfg = DebugNoTLS|x64
		{BF2A8A6D-418E-4CD0-B41F-77B252CB31A4}.DebugNoTLS|x64.Build.0 = DebugNoTLS|x64
		{BF2A8A6D-418E-4CD0-B41F-77B252CB31A4}.Release|Win32.ActiveCfg = Release|Win32
		{BF2A8A6D-418E-4CD0-B41F-77B252CB31A4}.Release|Win32.Build.0 = Release|Win32
		{BF2A8A6D-418E-4CD0-B41F-77B252CB31A4}.Release|x64.ActiveCfg = Release|x64
		{BF2A8A6D-418E-4CD0-B41F-77B252CB31A4}.Release|x64.Build.0 = Release|x64
		{BF2A8A6D-418E-4CD0-B41F-77B252CB31A4}.ReleaseNoTLS|Win32.ActiveCfg = ReleaseNoTLS|Win32
		{BF2A8A6D-418E-4CD0-B41F-77B252CB31A4}.ReleaseNoTLS|Win32.Build.0 = ReleaseNoTLS|Win32
		{BF2A8A6D-418E-4CD0-B41F-77B252CB31A4}.ReleaseNoTLS|x64.ActiveCfg = ReleaseNoTLS|x64
		{BF2A8A6D-418E-4CD0-B41F-77B252CB31A4}.ReleaseNoTLS|x64.Build.0 = ReleaseNoTLS|x64
		{042729D4-87E5-459C-9881-4464F5C625EE}.Debug|Win32.ActiveCfg = Debug|Win32
		{042729D4-87E5-459C-9881-4464F5C625EE}.Debug|Win32.Build.0 = Debug|Win32
		{042729D4-87E5-459C-9881-4464F5C625EE}.Debug|x64.ActiveCfg = Debug|x64
		{042729D4-87E5-459C-9881-4464F5C625EE}.Debug|x64.Build.0 = Debug|x64
		{042729D4-87E5-459C-9881-4464F5C625EE}.DebugNoTLS|Win32.ActiveCfg = DebugNoTLS|Win32
		{042729D4-87E5-459C-9881-4464F5C625EE}.DebugNoTLS|Win32.Build.0 = DebugNoTLS|Win32
		{042729D4-87E5-459C-9881-4464F5C625EE}.DebugNoTLS|x64.ActiveCfg = DebugNoTLS|x64
		{042729D4-87E5-459C-9881-4464F5C625EE}.DebugNoTLS|x64.Build.0 = DebugNoTLS|x64
		{042729D4-87E5-459C-9881-4464F5C625EE}.Release|Win32.ActiveCfg = Release|Win32
		{042729D4-87E5-459C-9881-4464F5C625EE}.Release|Win32.Build.0 = Release|Win32
		{042729D4-87E5-459C-9881-4464F5C625EE}.Release|x64.ActiveCfg = Release|x64
		{042729D4-87E5-459C-9881-4464F5C625EE}.Release|x64.Build.0 = Release|x64
		{042729D4-87E5-459C-9881-4464F5C625EE}.ReleaseNoTLS|Win32.ActiveCfg = ReleaseNoTLS|Win32
		{042729D4-87E5-459C-9881-4464F5C625EE}.ReleaseNoTLS|Win32.Build.0 = ReleaseNoTLS|Win32
		{042729D4-87E5-459C-9881-4464F5C625EE}.ReleaseNoTLS|x64.ActiveCfg = ReleaseNoTLS|x64
		{042729D4-87E5-459C-9881-4464F5C625EE}.ReleaseNoTLS|x64.Build.0 = ReleaseNoTLS|x64
		{8A14A0E2-B0BB-4300-B1C1-3D52327A42AF}.Debug|Win32.ActiveCfg = Debug|Win32
		{8A14A0E2-B0BB-4300-B1C1-3D52327A42AF}.Debug|Win32.Build.0 = Debug|Win32
		{8A14A0E2-B0BB-4300-B1C1-3D52327A42AF}.Debug|x64.ActiveCfg = Debug|x64
		{8A14A0E2-B0BB-4300-B1C1-3D52327A42AF}.Debug|x64.Build.0 = Debug|x64
		{8A14A0E2-B0BB-4300-B1C1-3D52327A42AF}.DebugNoTLS|Win32.ActiveCfg = Debug|Win32
		{8A14A0E2-B0BB-4300-B1C1-3D52327A42AF}.DebugNoTLS|x64.ActiveCfg = Debug|x64
		{8A14A0E2-B0BB-4300-B1C1-3D52327A42AF}.Release|Win32.ActiveCfg = Release|Win32
		{8A14A0E2-B0BB-4300-B1C1-3D52327A42AF}.Release|Win32.Build.0 = Release|Win32
		{8A14A0E2-B0BB-4300-B1C1-3D52327A42AF}.Release|x64.ActiveCfg = Release|x64
		{8A14A0E2-B0BB-4300-B1C1-3D52327A42AF}.Release|x64.Build.0 = Release|x64
		{8A14A0E2-B0BB-4300-B1C1-3D52327A42AF}.ReleaseNoTLS|Win32.ActiveCfg = Release|Win32
		{8A14A0E2-B0BB-4300-B1C1-3D52327A42AF}.ReleaseNoTLS|x64.ActiveCfg = Release|x64
		{87B6D457-CCA6-4D37-A42C-50EB7A45D5A8}.Debug|Win32.ActiveCfg = Debug|Win32
		{87B6D457-CCA6-4D37-A42C-50EB7A45D5A8}.Debug|Win32.Build.0 = Debug|Win32
		{87B6D457-CCA6-4D37-A42C-50EB7A45D5A8}.Debug|x64.ActiveCfg = Debug|x64
		{87B6D457-CCA6-4D37-A42C-50EB7A45D5A8}.Debug|x64.Build.0 = Debug|x64
		{87B6D457-CCA6-4D37-A42C-50EB7A45D5A8}.DebugNoTLS|Win32.ActiveCfg = DebugNoTLS|Win32
		{87B6D457-CCA6-4D37-A42C-50EB7A45D5A8}.DebugNoTLS|Win32.Build.0 = DebugNoTLS|Win32
		{87B6D457-CCA6-4D37-A42C-50EB7A45D5A8}.DebugNoTLS|x64.ActiveCfg = DebugNoTLS|x64
		{87B6D457-CCA6-4D37-A42C-50EB7A45D5A8}.DebugNoTLS|x64.Build.0 = DebugNoTLS|x64
		{87B6D457-CCA6-4D37-A42C-50EB7A45D5A8}.Release|Win32.ActiveCfg = Release|Win32
		{87B6D457-CCA6-4D37-A42C-50EB7A45D5A8}.Release|Win32.Build.0 = Release|Win32
		{87B6D457-CCA6-4D37-A42C-50EB7A45D5A8}.Release|x64.ActiveCfg = Release|x64
		{87B6D457-CCA6-4D37-A42C-50EB7A45D5A8}.Release|x64.Build.0 = Release|x64
		{87B6D457-CCA6-4D37-A42C-50EB7A45D5A8}.ReleaseNoTLS|Win32.ActiveCfg = ReleaseNoTLS|Win32
		{87B6D457-CCA6-4D37-A42C-50EB7A45D5A8}.ReleaseNoTLS|Win32.Build.0 = ReleaseNoTLS|Win32
		{87B6D457-CCA6-4D37-A42C-50EB7A45D5A8}.ReleaseNoTLS|x64.ActiveCfg = ReleaseNoTLS|x64
		{87B6D457-CCA6-4D37-A42C-50EB7A45D5A8}.ReleaseNoTLS|x64.Build.0 = ReleaseNoTLS|x64
		{304F24BB-9348-4B1D-AA96-580BB6DE5578}.Debug|Win32.ActiveCfg = Debug|Win32
		{304F24BB-9348-4B1D-AA96-580BB6DE5578}.Debug|Win32.Build.0 = Debug|Win32
		{304F24BB-9348-4B1D-AA96-580BB6DE5578}.Debug|x64.ActiveCfg = Debug|x64
		{304F24BB-9348-4B1D-AA96-580BB6DE5578}.Debug|x64.Build.0 = Debug|x64
		{304F24BB-9348-4B1D-AA96-580BB6DE5578}.DebugNoTLS|Win32.ActiveCfg = DebugNoTLS|Win32
		{304F24BB-9348-4B1D-AA96-580BB6DE5578}.DebugNoTLS|Win32.Build.0 = DebugNoTLS|Win32
		{304F24BB-9348-4B1D-AA96-580BB6DE5578}.DebugNoTLS|x64.ActiveCfg = DebugNoTLS|x64
		{304F24BB-9348-4B1D-AA96-580BB6DE5578}.DebugNoTLS|x64.Build.0 = DebugNoTLS|x64
		{304F24BB-9348-4B1D-AA96-580BB6DE5578}.Release|Win32.ActiveCfg = Release|Win32
		{304F24BB-9348-4B1D-AA96-580BB6DE5578}.Release|Win32.Build.0 = Release|Win32
		{304F24BB-9348-4B1D-AA96-580BB6DE5578}.Release|x64.ActiveCfg = Release|x64
		{304F24BB-9348-4B1D-AA96-580BB6DE5578}.Release|x64.Build.0 = Release|x64
		{304F24BB-9348-4B1D-AA96-580BB6DE5578}.ReleaseNoTLS|Win32.ActiveCfg = ReleaseNoTLS|Win32
		{304F24BB-9348-4B1D-AA96-580BB6DE5578}.ReleaseNoTLS|Win32.Build.0 = ReleaseNoTLS|Win32
		{304F24BB-9348-4B1D-AA96-580BB6DE5578}.ReleaseNoTLS|x64.ActiveCfg = ReleaseNoTLS|x64
		{304F24BB-9348-4B1D-AA96-580BB6DE5578}.ReleaseNoTLS|x64.Build.0 = ReleaseNoTLS|x64
		{7F344E89-5118-4D89-A5CF-A887DFCF7352}.Debug|Win32.ActiveCfg = Debug|Win32
		{7F344E89-5118-4D89-A5CF-A887DFCF7352}.Debug|Win32.Build.0 = Debug|Win32
		{7F344E89-5118-4D89-A5CF-A887DFCF7352}.Debug|x64.ActiveCfg = Debug|x64
		{7F344E89-5118-4D89-A5CF-A887DFCF7352}.Debug|x64.Build.0 = Debug|x64
		{7F344E89-5118-4D89-A5CF-A887DFCF7352}.DebugNoTLS|Win32.ActiveCfg = DebugNoTLS|Win32
		{7F344E89-5118-4D89-A5CF-A887DFCF7352}.DebugNoTLS|Win32.Build.0 = DebugNoTLS|Win32
		{7F344E89-5118-4D89-A5CF-A887DFCF7352}.DebugNoTLS|x64.ActiveCfg = DebugNoTLS|x64
		{7F344E89-5118-4D89-A5CF-A887DFCF7352}.DebugNoTLS|x64.Build.0 = DebugNoTLS|x64
		{7F344E89-5118-4D89-A5CF-A887DFCF7352}.Release|Win32.ActiveCfg = Release|Win32
		{7F344E89-5118-4D89-A5CF-A887DFCF7352}.Release|Win32.Build.0 = Release|Win32
		{7F344E89-5118-4D89-A5CF-A887DFCF7352}.Release|x64.ActiveCfg = Release|x64
		{7F344E89-5118-4D89-A5CF-A887DFCF7352}.Release|x64.Build.0 = Release|x64
		{7F344E89-5118-4D89-A5CF-A887DFCF7352}.ReleaseNoTLS|Win32.ActiveCfg = ReleaseNoTLS|Win32
		{7F344E89-5118-4D89-A5CF-A887DFCF7352}.ReleaseNoTLS|Win32.Build.0 = ReleaseNoTLS|Win32
		{7F344E89-5118-4D89-A5CF-A887DFCF7352}.ReleaseNoTLS|x64.ActiveCfg = ReleaseNoTLS|x64
		{7F344E89-5118-4D89-A5CF-A887DFCF7352}.ReleaseNoTLS|x64.Build.0 = ReleaseNoTLS|x64
		{2671AFA2-E2C2-4D75-ADE0-2B54D7D0DFF9}.Debug|Win32.ActiveCfg = Debug|Win32
		{2671AFA2-E2C2-4D75-ADE0-2B54D7D0DFF9}.Debug|Win32.Build.0 = Debug|Win32
		{2671AFA2-E2C2-4D75-ADE0-2B54D7D0DFF9}.Debug|x64.ActiveCfg = Debug|x64
		{2671AFA2-E2C2-4D75-ADE0-2B54D7D0DFF9}.Debug|x64.Build.0 = Debug|x64
		{2671AFA2-E2C2-4D75-ADE0-2B54D7D0DFF9}.DebugNoTLS|Win32.ActiveCfg = DebugNoTLS|Win32
		{2671AFA2-E2C2-4D75-ADE0-2B54D7D0DFF9}.DebugNoTLS|Win32.Build.0 = DebugNoTLS|Win32
		{2671AFA2-E2C2-4D75-ADE0-2B54D7D0DFF9}.DebugNoTLS|x64.ActiveCfg = DebugNoTLS|x64
		{2671AFA2-E2C2-4D75-ADE0-2B54D7D0DFF9}.DebugNoTLS|x64.Build.0 = DebugNoTLS|x64
		{2671AFA2-E2C2-4D75-ADE0-2B54D7D0DFF9}.Release|Win32.ActiveCfg = Release|Win32
		{2671AFA2-E2C2-4D75-ADE0-2B54D7D0DFF9}.Release|Win32.Build.0 = Release|Win32
		{2671AFA2-E2C2-4D75-ADE0-2B54D7D0DFF9}.Release|x64.ActiveCfg = Release|x64
		{2671AFA2-E2C2-4D75-ADE0-2B54D7D0DFF9}.Release|x64.Build.0 = Release|x64
		{2671AFA2-E2C2-4D75-ADE0-2B54D7D0DFF9}.ReleaseNoTLS|Win32.ActiveCfg = ReleaseNoTLS|Win32
		{2671AFA2-E2C2-4D75-ADE0-2B54D7D0DFF9}.ReleaseNoTLS|Win32.Build.0 = ReleaseNoTLS|Win32
		{2671AFA2-E2C2-4D75-ADE0-2B54D7D0DFF9}.ReleaseNoTLS|x64.ActiveCfg = ReleaseNoTLS|x64
		{2671AFA2-E2C2-4D75-ADE0-2B54D7D0DFF9}.ReleaseNoTLS|x64.Build.0 = ReleaseNoTLS|x64
		{440C9D2C-3B0A-460A-ADAC-54A31F5E9943}.Debug|Win32.ActiveCfg = Debug|Win32
		{440C9D2C-3B0A-460A-ADAC-54A31F5E9943}.Debug|Win32.Build.0 = Debug|Win32
		{440C9D2C-3B0A-460A-ADAC-54A31F5E9943}.Debug|x64.ActiveCfg = Debug|x64
		{440C9D2C-3B0A-460A-ADAC-54A31F5E9943}.Debug|x64.Build.0 = Debug|x64
		{440C9D2C-3B0A-460A-ADAC-54A31F5E9943}.DebugNoTLS|Win32.ActiveCfg = DebugNoTLS|Win32
		{440C9D2C-3B0A-460A-ADAC-54A31F5E9943}.DebugNoTLS|Win32.Build.0 = DebugNoTLS|Win32
		{440C9D2C-3B0A-460A-ADAC-54A31F5E9943}.DebugNoTLS|x64.ActiveCfg = DebugNoTLS|x64
		{440C9D2C-3B0A-460A-ADAC-54A31F5E9943}.DebugNoTLS|x64.Build.0 = DebugNoTLS|x64
		{440C9D2C-3B0A-460A-ADAC-54A31F5E9943}.Release|Win32.ActiveCfg = Release|Win32
		{440C9D2C-3B0A-460A-ADAC-54A31F5E9943}.Release|Win32.Build.0 = Release|Win32
		{440C9D2C-3B0A-460A-ADAC-54A31F5E9943}.Release|x64.ActiveCfg = Release|x64
		{440C9D2C-3B0A-460A-ADAC-54A31F5E9943}.Release|x64.Build.0 = Release|x64
		{440C9D2C-3B0A-460A-ADAC-54A31F5E9943}.ReleaseNoTLS|Win32.ActiveCfg = ReleaseNoTLS|Win32
		{440C9D2C-3B0A-460A-ADAC-54A31F5E9943}.ReleaseNoTLS|Win32.Build.0 = ReleaseNoTLS|Win32
		{440C9D2C-3B0A-460A-ADAC-54A31F5E9943}.ReleaseNoTLS|x64.ActiveCfg = ReleaseNoTLS|x64
		{440C9D2C-3B0A-460A-ADAC-54A31F5E9943}.ReleaseNoTLS|x64.Build.0 = ReleaseNoTLS|x64
		{149F0CA0-9181-4BD5-9CBC-E04D4C3072F1}.Debug|Win32.ActiveCfg = Debug|Win32
		{149F0CA0-9181-4BD5-9CBC-E04D4C3072F1}.Debug|Win32.Build.0 = Debug|Win32
		{149F0CA0-9181-4BD5-9CBC-E04D4C3072F1}.Debug|x64.ActiveCfg = Debug|x64
		{149F0CA0-9181-4BD5-9CBC-E04D4C3072F1}.Debug|x64.Build.0 = Debug|x64
		{149F0CA0-9181-4BD5-9CBC-E04D4C3072F1}.DebugNoTLS|Win32.ActiveCfg = DebugNoTLS|Win32
		{149F0CA0-9181-4BD5-9CBC-E04D4C3072F1}.DebugNoTLS|Win32.Build.0 = DebugNoTLS|Win32
		{149F0CA0-9181-4BD5-9CBC-E04D4C3072F1}.DebugNoTLS|x64.ActiveCfg = DebugNoTLS|x64
		{149F0CA0-9181-4BD5-9CBC-E04D4C3072F1}.DebugNoTLS|x64.Build.0 = DebugNoTLS|x64
		{149F0CA0-9181-4BD5-9CBC-E04D4C3072F1}.Release|Win32.ActiveCfg = Release|Win32
		{149F0CA0-9181-4BD5-9CBC-E04D4C3072F1}.Release|Win32.Build.0 = Release|Win32
		{149F0CA0-9181-4BD5-9CBC-E04D4C3072F1}.Release|x64.ActiveCfg = Release|x64
		{149F0CA0-9181-4BD5-9CBC-E04D4C3072F1}.Release|x64.Build.0 = Release|x64
		{149F0CA0-9181-4BD5-9CBC-E04D4C3072F1}.ReleaseNoTLS|Win32.ActiveCfg = ReleaseNoTLS|Win32
		{149F0CA0-9181-4BD5-9CBC-E04D4C3072F1}.ReleaseNoTLS|Win32.Build.0 = ReleaseNoTLS|Win32
		{149F0CA0-9181-4BD5-9CBC-E04D4C3072F1}.ReleaseNoTLS|x64.ActiveCfg = ReleaseNoTLS|x64
		{149F0CA0-9181-4BD5-9CBC-E04D4C3072F1}.ReleaseNoTLS|x64.Build.0 = ReleaseNoTLS|x64
		{1279AD79-7991-4916-B111-78662932C7E2}.Debug|Win32.ActiveCfg = Debug|Win32
		{1279AD79-7991-4916-B111-78662932C7E2}.Debug|Win32.Build.0 = Debug|Win32
		{1279AD79-7991-4916-B111-78662932C7E2}.Debug|x64.ActiveCfg = Debug|x64
		{1279AD79-7991-4916-B111-78662932C7E2}.Debug|x64.Build.0 = Debug|x64
		{1279AD79-7991-4916-B111-78662932C7E2}.DebugNoTLS|Win32.ActiveCfg = DebugNoTLS|Win32
		{1279AD79-7991-4916-B111-78662932C7E2}.DebugNoTLS|Win32.Build.0 = DebugNoTLS|Win32
		{1279AD79-7991-4916-B111-78662932C7E2}.DebugNoTLS|x64.ActiveCfg = DebugNoTLS|x64
		{1279AD79-7991-4916-B111-78662932C7E2}.DebugNoTLS|x64.Build.0 = DebugNoTLS|x64
		{1279AD79-7991-4916-B111-78662932C7E2}.Release|Win32.ActiveCfg = Release|Win32
		{1279AD79-7991-4916-B111-78662932C7E2}.Release|Win32.Build.0 = Release|Win32
		{1279AD79-7991-4916-B111-78662932C7E2}.Release|x64.ActiveCfg = Release|x64
		{1279AD79-7991-4916-B111-78662932C7E2}.Release|x64.Build.0 = Release|x64
		{1279AD79-7991-4916-B111-78662932C7E2}.ReleaseNoTLS|Win32.ActiveCfg = ReleaseNoTLS|Win32
		{1279AD79-7991-4916-B111-78662932C7E2}.ReleaseNoTLS|Win32.Build.0 = ReleaseNoTLS|Win32
		{1279AD79-7991-4916-B111-78662932C7E2}.ReleaseNoTLS|x64.ActiveCfg = ReleaseNoTLS|x64
		{1279AD79-7991-4916-B111-78662932C7E2}.ReleaseNoTLS|x64.Build.0 = ReleaseNoTLS|x64
		{9D6628D8-BD75-472D-A295-88CF818AD254}.Debug|Win32.ActiveCfg = Debug|Win32
		{9D6628D8-BD75-472D-A295-88CF818AD254}.Debug|Win32.Build.0 = Debug|Win32
		{9D6628D8-BD75-472D-A295-88CF818AD254}.Debug|x64.ActiveCfg = Debug|x64
		{9D6628D8-BD75-472D-A295-88CF818AD254}.Debug|x64.Build.0 = Debug|x64
		{9D6628D8-BD75-472D-A295-88CF818AD254}.DebugNoTLS|Win32.ActiveCfg = DebugNoTLS|Win32
		{9D6628D8-BD75-472D-A295-88CF818AD254}.DebugNoTLS|Win32.Build.0 = DebugNoTLS|Win32
		{9D6628D8-BD75-472D-A295-88CF818AD254}.DebugNoTLS|x64.ActiveCfg = DebugNoTLS|x64
		{9D6628D8-BD75-472D-A295-88CF818AD254}.DebugNoTLS|x64.Build.0 = DebugNoTLS|x64
		{9D6628D8-BD75-472D-A295-88CF818AD254}.Release|Win32.ActiveCfg = Release|Win32
		{9D6628D8-BD75-472D-A295-88CF818AD254}.Release|Win32.Build.0 = Release|Win32
		{9D6628D8-BD75-472D-A295-88CF818AD254}.Release|x64.ActiveCfg = Release|x64
		{9D6628D8-BD75-472D-A295-88CF818AD254}.Release|x64.Build.0 = Release|x64
		{9D6628D8-BD75-472D-A295-88CF818AD254}.ReleaseNoTLS|Win32.ActiveCfg = ReleaseNoTLS|Win32
		{9D6628D8-BD75-472D-A295-88CF818AD254}.ReleaseNoTLS|Win32.Build.0 = ReleaseNoTLS|Win32
		{9D6628D8-BD75-472D-A295-88CF818AD254}.ReleaseNoTLS|x64.ActiveCfg = ReleaseNoTLS|x64
		{9D6628D8-BD75-472D-A295-88CF818AD254}.ReleaseNoTLS|x64.Build.0 = ReleaseNoTLS|x64
		{EC676D2E-7CE6-443D-B7A2-420AB0C71548}.Debug|Win32.ActiveCfg = Debug|Win32
		{EC676D2E-7CE6-443D-B7A2-420AB0C71548}.Debug|Win32.Build.0 = Debug|Win32
		{EC676D2E-7CE6-443D-B7A2-420AB0C71548}.Debug|x64.ActiveCfg = Debug|x64
		{EC676D2E-7CE6-443D-B7A2-420AB0C71548}.Debug|x64.Build.0 = Debug|x64
		{EC676D2E-7CE6-443D-B7A2-420AB0C71548}.DebugNoTLS|Win32.ActiveCfg = DebugNoTLS|Win32
		{EC676D2E-7CE6-443D-B7A2-420AB0C71548}.DebugNoTLS|Win32.Build.0 = DebugNoTLS|Win32
		{EC676D2E-7CE6-443D-B7A2-420AB0C71548}.DebugNoTLS|x64.ActiveCfg = DebugNoTLS|x64
		{EC676D2E-7CE6-443D-B7A2-420AB0C71548}.DebugNoTLS|x64.Build.0 = DebugNoTLS|x64
		{EC676D2E-7CE6-443D-B7A2-420AB0C71548}.Release|Win32.ActiveCfg = Release|Win32
		{EC676D2E-7CE6-443D-B7A2-420AB0C71548}.Release|Win32.Build.0 = Release|Win32
		{EC676D2E-7CE6-443D-B7A2-420AB0C71548}.Release|x64.ActiveCfg = Release|x64
		{EC676D2E-7CE6-443D-B7A2-420AB0C71548}.Release|x64.Build.0 = Release|x64
		{EC676D2E-7CE6-443D-B7A2-420AB0C71548}.ReleaseNoTLS|Win32.ActiveCfg = ReleaseNoTLS|Win32
		{EC676D2E-7CE6-443D-B7A2-420AB0C71548}.ReleaseNoTLS|Win32.Build.0 = ReleaseNoTLS|Win32
		{EC676D2E-7CE6-443D-B7A2-420AB0C71548}.ReleaseNoTLS|x64.ActiveCfg = ReleaseNoTLS|x64
		{EC676D2E-7CE6-443D-B7A2-420AB0C71548}.ReleaseNoTLS|x64.Build.0 = ReleaseNoTLS|x64
		{B78829A3-D7A6-44CC-B973-294BFF20B459}.Debug|Win32.ActiveCfg = Debug|Win32
		{B78829A3-D7A6-44CC-B973-294BFF20B459}.Debug|Win32.Build.0 = Debug|Win32
		{B78829A3-D7A6-44CC-B973-294BFF20B459}.Debug|x64.ActiveCfg = Debug|x64
		{B78829A3-D7A6-44CC-B973-294BFF20B459}.Debug|x64.Build.0 = Debug|x64
		{B78829A3-D7A6-44CC-B973-294BFF20B459}.DebugNoTLS|Win32.ActiveCfg = DebugNoTLS|Win32
		{B78829A3-D7A6-44CC-B973-294BFF20B459}.DebugNoTLS|Win32.Build.0 = DebugNoTLS|Win32
		{B78829A3-D7A6-44CC-B973-294BFF20B459}.DebugNoTLS|x64.ActiveCfg = DebugNoTLS|x64
		{B78829A3-D7A6-44CC-B973-294BFF20B459}.DebugNoTLS|x64.Build.0 = DebugNoTLS|x64
		{B78829A3-D7A6-44CC-B973-294BFF20B459}.Release|Win32.ActiveCfg = Release|Win32
		{B78829A3-D7A6-44CC-B973-294BFF20B459}.Release|Win32.Build.0 = Release|Win32
		{B78829A3-D7A6-44CC-B973-294BFF20B459}.Release|x64.ActiveCfg = Release|x64
		{B78829A3-D7A6-44CC-B973-294BFF20B459}.Release|x64.Build.0 = Release|x64
		{B78829A3-D7A6-44CC-B973-294BFF20B459}.ReleaseNoTLS|Win32.ActiveCfg = ReleaseNoTLS|Win32
		{B78829A3-D7A6-44CC-B973-294BFF20B459}.ReleaseNoTLS|Win32.Build.0 = ReleaseNoTLS|Win32
		{B78829A3-D7A6-44CC-B973-294BFF20B459}.ReleaseNoTLS|x64.ActiveCfg = ReleaseNoTLS|x64
		{B78829A3-D7A6-44CC-B973-294BFF20B459}.ReleaseNoTLS|x64.Build.0 = ReleaseNoTLS|x64
	EndGlobalSection
	GlobalSection(SolutionProperties) = preSolution
		HideSolutionNode = FALSE
	EndGlobalSection
EndGlobal
